
Microsoft Visual Studio Solution File, Format Version 12.00
# Visual Studio Version 17
VisualStudioVersion = 17.8.34511.84
MinimumVisualStudioVersion = 10.0.40219.1
Project("{FAE04EC0-301F-11D3-BF4B-00C04F79EFBC}") = "Sudoku generator", "Sudoku generator.csproj", "{DF6CC278-077B-4928-A5AB-B5E3FA893556}"
EndProject
Global
	GlobalSection(SolutionConfigurationPlatforms) = preSolution
		Debug|Any CPU = Debug|Any CPU
		Release|Any CPU = Release|Any CPU
	EndGlobalSection
	GlobalSection(ProjectConfigurationPlatforms) = postSolution
		{DF6CC278-077B-4928-A5AB-B5E3FA893556}.Debug|Any CPU.ActiveCfg = Debug|Any CPU
		{DF6CC278-077B-4928-A5AB-B5E3FA893556}.Debug|Any CPU.Build.0 = Debug|Any CPU
		{DF6CC278-077B-4928-A5AB-B5E3FA893556}.Release|Any CPU.ActiveCfg = Release|Any CPU
		{DF6CC278-077B-4928-A5AB-B5E3FA893556}.Release|Any CPU.Build.0 = Release|Any CPU
	EndGlobalSection
	GlobalSection(SolutionProperties) = preSolution
		HideSolutionNode = FALSE
	EndGlobalSection
	GlobalSection(ExtensibilityGlobals) = postSolution
		SolutionGuid = {73A57A4E-0A5B-48FA-A03E-1F2EF54DF8D5}
	EndGlobalSection
EndGlobal
